// !$*UTF8*$!
{
	archiveVersion = 1;
	classes = {
	};
	objectVersion = 46;
	objects = {

/* Begin PBXBuildFile section */
		3E222A261EEDE9C100B9389D /* AlertTableView.m in Sources */ = {isa = PBXBuildFile; fileRef = 3E222A251EEDE9C100B9389D /* AlertTableView.m */; };
		3E25B0E01EFF382100618F44 /* MailCore.framework in Frameworks */ = {isa = PBXBuildFile; fileRef = 3E25B0DF1EFF382100618F44 /* MailCore.framework */; };
		3E25B0E11F0001CD00618F44 /* MailCore.framework in Frameworks */ = {isa = PBXBuildFile; fileRef = 3E25B0DF1EFF382100618F44 /* MailCore.framework */; };
		3E25B0E21F0001CD00618F44 /* MailCore.framework in Embed Frameworks */ = {isa = PBXBuildFile; fileRef = 3E25B0DF1EFF382100618F44 /* MailCore.framework */; settings = {ATTRIBUTES = (CodeSignOnCopy, RemoveHeadersOnCopy, ); }; };
		3E25B0E91F01DE9200618F44 /* LogViewController.m in Sources */ = {isa = PBXBuildFile; fileRef = 3E25B0E81F01DE9200618F44 /* LogViewController.m */; };
		3E25B0EB1F01E6BC00618F44 /* CocoaLumberjack.framework in Frameworks */ = {isa = PBXBuildFile; fileRef = 3E25B0EA1F01E6BC00618F44 /* CocoaLumberjack.framework */; };
		3E25B0EC1F01E6C200618F44 /* CocoaLumberjack.framework in Frameworks */ = {isa = PBXBuildFile; fileRef = 3E25B0EA1F01E6BC00618F44 /* CocoaLumberjack.framework */; };
		3E25B0ED1F01E6C200618F44 /* CocoaLumberjack.framework in Embed Frameworks */ = {isa = PBXBuildFile; fileRef = 3E25B0EA1F01E6BC00618F44 /* CocoaLumberjack.framework */; settings = {ATTRIBUTES = (CodeSignOnCopy, RemoveHeadersOnCopy, ); }; };
		3E25B0F11F01F2D200618F44 /* UITextViewLogger.m in Sources */ = {isa = PBXBuildFile; fileRef = 3E25B0F01F01F2D200618F44 /* UITextViewLogger.m */; };
		3E25B0F51F02041200618F44 /* SpelunkerLogFormatter.m in Sources */ = {isa = PBXBuildFile; fileRef = 3E25B0F41F02041200618F44 /* SpelunkerLogFormatter.m */; };
		3E51E4301EEDB706006C5751 /* AppDelegate.m in Sources */ = {isa = PBXBuildFile; fileRef = 3E51E42F1EEDB706006C5751 /* AppDelegate.m */; };
		3E51E4331EEDB706006C5751 /* main.m in Sources */ = {isa = PBXBuildFile; fileRef = 3E51E4321EEDB706006C5751 /* main.m */; };
		3E51E4381EEDB706006C5751 /* Assets.xcassets in Resources */ = {isa = PBXBuildFile; fileRef = 3E51E4371EEDB706006C5751 /* Assets.xcassets */; };
		3E51E43B1EEDB707006C5751 /* Main.storyboard in Resources */ = {isa = PBXBuildFile; fileRef = 3E51E4391EEDB707006C5751 /* Main.storyboard */; };
		3E51E4451EEDB7C6006C5751 /* MainViewController.m in Sources */ = {isa = PBXBuildFile; fileRef = 3E51E4441EEDB7C6006C5751 /* MainViewController.m */; };
		3E51E44E1EEDCA15006C5751 /* Alert.m in Sources */ = {isa = PBXBuildFile; fileRef = 3E51E44D1EEDCA15006C5751 /* Alert.m */; };
		3E51E4521EEDCA33006C5751 /* LogicManager.m in Sources */ = {isa = PBXBuildFile; fileRef = 3E51E4511EEDCA33006C5751 /* LogicManager.m */; };
		3E51E4561EEDCA6E006C5751 /* SplunkProvider.m in Sources */ = {isa = PBXBuildFile; fileRef = 3E51E4551EEDCA6E006C5751 /* SplunkProvider.m */; };
		3E51E4591EEDCA7D006C5751 /* EmailProvider.m in Sources */ = {isa = PBXBuildFile; fileRef = 3E51E4581EEDCA7D006C5751 /* EmailProvider.m */; };
		3E51E4601EEDD1BD006C5751 /* DataProvider.m in Sources */ = {isa = PBXBuildFile; fileRef = 3E51E45F1EEDD1BD006C5751 /* DataProvider.m */; };
		3E6626471EFDD23200508793 /* JSONValueTransformer+NSUUID.m in Sources */ = {isa = PBXBuildFile; fileRef = 3E6626461EFDD23200508793 /* JSONValueTransformer+NSUUID.m */; };
		3E66264D1EFDD6E700508793 /* Settings.m in Sources */ = {isa = PBXBuildFile; fileRef = 3E66264C1EFDD6E700508793 /* Settings.m */; };
		3E863EF61EEF45EE0044F01C /* AlertHandler.m in Sources */ = {isa = PBXBuildFile; fileRef = 3E863EF51EEF45EE0044F01C /* AlertHandler.m */; };
		3EED2A711EFDF829000AE5AE /* PreferencesViewController.m in Sources */ = {isa = PBXBuildFile; fileRef = 3EED2A6F1EFDF829000AE5AE /* PreferencesViewController.m */; };
		3EF1C0741EFDE13200E91121 /* SystemConfiguration.framework in Frameworks */ = {isa = PBXBuildFile; fileRef = 3EF1C0731EFDE13200E91121 /* SystemConfiguration.framework */; };
		3EF1C0761EFDE14000E91121 /* Security.framework in Frameworks */ = {isa = PBXBuildFile; fileRef = 3EF1C0751EFDE14000E91121 /* Security.framework */; };
		3EF1C07B1EFDE15D00E91121 /* SAMKeychain.m in Sources */ = {isa = PBXBuildFile; fileRef = 3EF1C0781EFDE15D00E91121 /* SAMKeychain.m */; };
		3EF1C07C1EFDE15D00E91121 /* SAMKeychainQuery.m in Sources */ = {isa = PBXBuildFile; fileRef = 3EF1C07A1EFDE15D00E91121 /* SAMKeychainQuery.m */; };
		3EF1C0AA1EFDE4FC00E91121 /* JSONModel.m in Sources */ = {isa = PBXBuildFile; fileRef = 3EF1C0A51EFDE4FC00E91121 /* JSONModel.m */; };
		3EF1C0AB1EFDE4FC00E91121 /* JSONModelClassProperty.m in Sources */ = {isa = PBXBuildFile; fileRef = 3EF1C0A71EFDE4FC00E91121 /* JSONModelClassProperty.m */; };
		3EF1C0AC1EFDE4FC00E91121 /* JSONModelError.m in Sources */ = {isa = PBXBuildFile; fileRef = 3EF1C0A91EFDE4FC00E91121 /* JSONModelError.m */; };
		3EF1C0B31EFDE50800E91121 /* JSONAPI.m in Sources */ = {isa = PBXBuildFile; fileRef = 3EF1C0AE1EFDE50800E91121 /* JSONAPI.m */; };
		3EF1C0B41EFDE50800E91121 /* JSONHTTPClient.m in Sources */ = {isa = PBXBuildFile; fileRef = 3EF1C0B01EFDE50800E91121 /* JSONHTTPClient.m */; };
		3EF1C0B51EFDE50800E91121 /* JSONModel+networking.m in Sources */ = {isa = PBXBuildFile; fileRef = 3EF1C0B21EFDE50800E91121 /* JSONModel+networking.m */; };
		3EF1C0BA1EFDE51600E91121 /* JSONKeyMapper.m in Sources */ = {isa = PBXBuildFile; fileRef = 3EF1C0B71EFDE51600E91121 /* JSONKeyMapper.m */; };
		3EF1C0BB1EFDE51600E91121 /* JSONValueTransformer.m in Sources */ = {isa = PBXBuildFile; fileRef = 3EF1C0B91EFDE51600E91121 /* JSONValueTransformer.m */; };
/* End PBXBuildFile section */

/* Begin PBXCopyFilesBuildPhase section */
		3E25B0E31F0001CD00618F44 /* Embed Frameworks */ = {
			isa = PBXCopyFilesBuildPhase;
			buildActionMask = 2147483647;
			dstPath = "";
			dstSubfolderSpec = 10;
			files = (
				3E25B0ED1F01E6C200618F44 /* CocoaLumberjack.framework in Embed Frameworks */,
				3E25B0E21F0001CD00618F44 /* MailCore.framework in Embed Frameworks */,
			);
			name = "Embed Frameworks";
			runOnlyForDeploymentPostprocessing = 0;
		};
/* End PBXCopyFilesBuildPhase section */

/* Begin PBXFileReference section */
		3E222A241EEDE9C100B9389D /* AlertTableView.h */ = {isa = PBXFileReference; fileEncoding = 4; lastKnownFileType = sourcecode.c.h; name = AlertTableView.h; path = ViewController/AlertTableView.h; sourceTree = "<group>"; };
		3E222A251EEDE9C100B9389D /* AlertTableView.m */ = {isa = PBXFileReference; fileEncoding = 4; lastKnownFileType = sourcecode.c.objc; name = AlertTableView.m; path = ViewController/AlertTableView.m; sourceTree = "<group>"; };
		3E25B0DF1EFF382100618F44 /* MailCore.framework */ = {isa = PBXFileReference; lastKnownFileType = wrapper.framework; name = MailCore.framework; path = Spelunker/ThirdParty/MailCore/MailCore.framework; sourceTree = "<group>"; };
		3E25B0E71F01DE9200618F44 /* LogViewController.h */ = {isa = PBXFileReference; fileEncoding = 4; lastKnownFileType = sourcecode.c.h; name = LogViewController.h; path = ViewController/LogViewController.h; sourceTree = "<group>"; };
		3E25B0E81F01DE9200618F44 /* LogViewController.m */ = {isa = PBXFileReference; fileEncoding = 4; lastKnownFileType = sourcecode.c.objc; name = LogViewController.m; path = ViewController/LogViewController.m; sourceTree = "<group>"; };
		3E25B0EA1F01E6BC00618F44 /* CocoaLumberjack.framework */ = {isa = PBXFileReference; lastKnownFileType = wrapper.framework; name = CocoaLumberjack.framework; path = Spelunker/ThirdParty/CocoaLumberjack/CocoaLumberjack.framework; sourceTree = "<group>"; };
		3E25B0EF1F01F2D200618F44 /* UITextViewLogger.h */ = {isa = PBXFileReference; fileEncoding = 4; lastKnownFileType = sourcecode.c.h; name = UITextViewLogger.h; path = Utility/UITextViewLogger.h; sourceTree = "<group>"; };
		3E25B0F01F01F2D200618F44 /* UITextViewLogger.m */ = {isa = PBXFileReference; fileEncoding = 4; lastKnownFileType = sourcecode.c.objc; name = UITextViewLogger.m; path = Utility/UITextViewLogger.m; sourceTree = "<group>"; };
		3E25B0F21F01FC8B00618F44 /* Spelunker.pch */ = {isa = PBXFileReference; lastKnownFileType = sourcecode.c.h; path = Spelunker.pch; sourceTree = "<group>"; };
		3E25B0F31F02041200618F44 /* SpelunkerLogFormatter.h */ = {isa = PBXFileReference; fileEncoding = 4; lastKnownFileType = sourcecode.c.h; name = SpelunkerLogFormatter.h; path = Utility/SpelunkerLogFormatter.h; sourceTree = "<group>"; };
		3E25B0F41F02041200618F44 /* SpelunkerLogFormatter.m */ = {isa = PBXFileReference; fileEncoding = 4; lastKnownFileType = sourcecode.c.objc; name = SpelunkerLogFormatter.m; path = Utility/SpelunkerLogFormatter.m; sourceTree = "<group>"; };
		3E51E42B1EEDB706006C5751 /* Spelunker.app */ = {isa = PBXFileReference; explicitFileType = wrapper.application; includeInIndex = 0; path = Spelunker.app; sourceTree = BUILT_PRODUCTS_DIR; };
		3E51E42E1EEDB706006C5751 /* AppDelegate.h */ = {isa = PBXFileReference; lastKnownFileType = sourcecode.c.h; path = AppDelegate.h; sourceTree = "<group>"; };
		3E51E42F1EEDB706006C5751 /* AppDelegate.m */ = {isa = PBXFileReference; lastKnownFileType = sourcecode.c.objc; path = AppDelegate.m; sourceTree = "<group>"; };
		3E51E4321EEDB706006C5751 /* main.m */ = {isa = PBXFileReference; lastKnownFileType = sourcecode.c.objc; path = main.m; sourceTree = "<group>"; };
		3E51E4371EEDB706006C5751 /* Assets.xcassets */ = {isa = PBXFileReference; lastKnownFileType = folder.assetcatalog; path = Assets.xcassets; sourceTree = "<group>"; };
		3E51E43A1EEDB707006C5751 /* Base */ = {isa = PBXFileReference; lastKnownFileType = file.storyboard; name = Base; path = Base.lproj/Main.storyboard; sourceTree = "<group>"; };
		3E51E43C1EEDB707006C5751 /* Info.plist */ = {isa = PBXFileReference; lastKnownFileType = text.plist.xml; path = Info.plist; sourceTree = "<group>"; };
		3E51E4431EEDB7C6006C5751 /* MainViewController.h */ = {isa = PBXFileReference; fileEncoding = 4; lastKnownFileType = sourcecode.c.h; name = MainViewController.h; path = ViewController/MainViewController.h; sourceTree = "<group>"; };
		3E51E4441EEDB7C6006C5751 /* MainViewController.m */ = {isa = PBXFileReference; fileEncoding = 4; lastKnownFileType = sourcecode.c.objc; name = MainViewController.m; path = ViewController/MainViewController.m; sourceTree = "<group>"; };
		3E51E44A1EEDC9C9006C5751 /* Constants.h */ = {isa = PBXFileReference; lastKnownFileType = sourcecode.c.h; name = Constants.h; path = Constants/Constants.h; sourceTree = "<group>"; };
		3E51E44C1EEDCA15006C5751 /* Alert.h */ = {isa = PBXFileReference; fileEncoding = 4; lastKnownFileType = sourcecode.c.h; name = Alert.h; path = Transport/Alert.h; sourceTree = "<group>"; };
		3E51E44D1EEDCA15006C5751 /* Alert.m */ = {isa = PBXFileReference; fileEncoding = 4; lastKnownFileType = sourcecode.c.objc; name = Alert.m; path = Transport/Alert.m; sourceTree = "<group>"; };
		3E51E4501EEDCA33006C5751 /* LogicManager.h */ = {isa = PBXFileReference; fileEncoding = 4; lastKnownFileType = sourcecode.c.h; name = LogicManager.h; path = Manager/LogicManager.h; sourceTree = "<group>"; };
		3E51E4511EEDCA33006C5751 /* LogicManager.m */ = {isa = PBXFileReference; fileEncoding = 4; lastKnownFileType = sourcecode.c.objc; name = LogicManager.m; path = Manager/LogicManager.m; sourceTree = "<group>"; };
		3E51E4541EEDCA6E006C5751 /* SplunkProvider.h */ = {isa = PBXFileReference; fileEncoding = 4; lastKnownFileType = sourcecode.c.h; name = SplunkProvider.h; path = Provider/SplunkProvider.h; sourceTree = "<group>"; };
		3E51E4551EEDCA6E006C5751 /* SplunkProvider.m */ = {isa = PBXFileReference; fileEncoding = 4; lastKnownFileType = sourcecode.c.objc; name = SplunkProvider.m; path = Provider/SplunkProvider.m; sourceTree = "<group>"; };
		3E51E4571EEDCA7D006C5751 /* EmailProvider.h */ = {isa = PBXFileReference; fileEncoding = 4; lastKnownFileType = sourcecode.c.h; name = EmailProvider.h; path = Provider/EmailProvider.h; sourceTree = "<group>"; };
		3E51E4581EEDCA7D006C5751 /* EmailProvider.m */ = {isa = PBXFileReference; fileEncoding = 4; lastKnownFileType = sourcecode.c.objc; name = EmailProvider.m; path = Provider/EmailProvider.m; sourceTree = "<group>"; };
		3E51E45E1EEDD1BD006C5751 /* DataProvider.h */ = {isa = PBXFileReference; fileEncoding = 4; lastKnownFileType = sourcecode.c.h; name = DataProvider.h; path = Provider/DataProvider.h; sourceTree = "<group>"; };
		3E51E45F1EEDD1BD006C5751 /* DataProvider.m */ = {isa = PBXFileReference; fileEncoding = 4; lastKnownFileType = sourcecode.c.objc; name = DataProvider.m; path = Provider/DataProvider.m; sourceTree = "<group>"; };
		3E6626451EFDD23200508793 /* JSONValueTransformer+NSUUID.h */ = {isa = PBXFileReference; fileEncoding = 4; lastKnownFileType = sourcecode.c.h; name = "JSONValueTransformer+NSUUID.h"; path = "Utility/JSONValueTransformer+NSUUID.h"; sourceTree = "<group>"; };
		3E6626461EFDD23200508793 /* JSONValueTransformer+NSUUID.m */ = {isa = PBXFileReference; fileEncoding = 4; lastKnownFileType = sourcecode.c.objc; name = "JSONValueTransformer+NSUUID.m"; path = "Utility/JSONValueTransformer+NSUUID.m"; sourceTree = "<group>"; };
		3E66264B1EFDD6E700508793 /* Settings.h */ = {isa = PBXFileReference; fileEncoding = 4; lastKnownFileType = sourcecode.c.h; name = Settings.h; path = Transport/Settings.h; sourceTree = "<group>"; };
		3E66264C1EFDD6E700508793 /* Settings.m */ = {isa = PBXFileReference; fileEncoding = 4; lastKnownFileType = sourcecode.c.objc; name = Settings.m; path = Transport/Settings.m; sourceTree = "<group>"; };
		3E863EF41EEF45EE0044F01C /* AlertHandler.h */ = {isa = PBXFileReference; fileEncoding = 4; lastKnownFileType = sourcecode.c.h; name = AlertHandler.h; path = Utility/AlertHandler.h; sourceTree = "<group>"; };
		3E863EF51EEF45EE0044F01C /* AlertHandler.m */ = {isa = PBXFileReference; fileEncoding = 4; lastKnownFileType = sourcecode.c.objc; name = AlertHandler.m; path = Utility/AlertHandler.m; sourceTree = "<group>"; };
		3EED2A6F1EFDF829000AE5AE /* PreferencesViewController.m */ = {isa = PBXFileReference; fileEncoding = 4; lastKnownFileType = sourcecode.c.objc; name = PreferencesViewController.m; path = ViewController/PreferencesViewController.m; sourceTree = "<group>"; };
		3EED2A701EFDF829000AE5AE /* PreferencesViewController.h */ = {isa = PBXFileReference; fileEncoding = 4; lastKnownFileType = sourcecode.c.h; name = PreferencesViewController.h; path = ViewController/PreferencesViewController.h; sourceTree = "<group>"; };
		3EF1C0731EFDE13200E91121 /* SystemConfiguration.framework */ = {isa = PBXFileReference; lastKnownFileType = wrapper.framework; name = SystemConfiguration.framework; path = System/Library/Frameworks/SystemConfiguration.framework; sourceTree = SDKROOT; };
		3EF1C0751EFDE14000E91121 /* Security.framework */ = {isa = PBXFileReference; lastKnownFileType = wrapper.framework; name = Security.framework; path = System/Library/Frameworks/Security.framework; sourceTree = SDKROOT; };
		3EF1C0771EFDE15D00E91121 /* SAMKeychain.h */ = {isa = PBXFileReference; fileEncoding = 4; lastKnownFileType = sourcecode.c.h; name = SAMKeychain.h; path = ThirdParty/SAMKeychain/SAMKeychain.h; sourceTree = "<group>"; };
		3EF1C0781EFDE15D00E91121 /* SAMKeychain.m */ = {isa = PBXFileReference; fileEncoding = 4; lastKnownFileType = sourcecode.c.objc; name = SAMKeychain.m; path = ThirdParty/SAMKeychain/SAMKeychain.m; sourceTree = "<group>"; };
		3EF1C0791EFDE15D00E91121 /* SAMKeychainQuery.h */ = {isa = PBXFileReference; fileEncoding = 4; lastKnownFileType = sourcecode.c.h; name = SAMKeychainQuery.h; path = ThirdParty/SAMKeychain/SAMKeychainQuery.h; sourceTree = "<group>"; };
		3EF1C07A1EFDE15D00E91121 /* SAMKeychainQuery.m */ = {isa = PBXFileReference; fileEncoding = 4; lastKnownFileType = sourcecode.c.objc; name = SAMKeychainQuery.m; path = ThirdParty/SAMKeychain/SAMKeychainQuery.m; sourceTree = "<group>"; };
		3EF1C0A31EFDE4EE00E91121 /* JSONModelLib.h */ = {isa = PBXFileReference; fileEncoding = 4; lastKnownFileType = sourcecode.c.h; name = JSONModelLib.h; path = ThirdParty/JSONModel/JSONModelLib.h; sourceTree = "<group>"; };
		3EF1C0A41EFDE4FC00E91121 /* JSONModel.h */ = {isa = PBXFileReference; fileEncoding = 4; lastKnownFileType = sourcecode.c.h; name = JSONModel.h; path = ThirdParty/JSONModel/JSONModel/JSONModel.h; sourceTree = "<group>"; };
		3EF1C0A51EFDE4FC00E91121 /* JSONModel.m */ = {isa = PBXFileReference; fileEncoding = 4; lastKnownFileType = sourcecode.c.objc; name = JSONModel.m; path = ThirdParty/JSONModel/JSONModel/JSONModel.m; sourceTree = "<group>"; };
		3EF1C0A61EFDE4FC00E91121 /* JSONModelClassProperty.h */ = {isa = PBXFileReference; fileEncoding = 4; lastKnownFileType = sourcecode.c.h; name = JSONModelClassProperty.h; path = ThirdParty/JSONModel/JSONModel/JSONModelClassProperty.h; sourceTree = "<group>"; };
		3EF1C0A71EFDE4FC00E91121 /* JSONModelClassProperty.m */ = {isa = PBXFileReference; fileEncoding = 4; lastKnownFileType = sourcecode.c.objc; name = JSONModelClassProperty.m; path = ThirdParty/JSONModel/JSONModel/JSONModelClassProperty.m; sourceTree = "<group>"; };
		3EF1C0A81EFDE4FC00E91121 /* JSONModelError.h */ = {isa = PBXFileReference; fileEncoding = 4; lastKnownFileType = sourcecode.c.h; name = JSONModelError.h; path = ThirdParty/JSONModel/JSONModel/JSONModelError.h; sourceTree = "<group>"; };
		3EF1C0A91EFDE4FC00E91121 /* JSONModelError.m */ = {isa = PBXFileReference; fileEncoding = 4; lastKnownFileType = sourcecode.c.objc; name = JSONModelError.m; path = ThirdParty/JSONModel/JSONModel/JSONModelError.m; sourceTree = "<group>"; };
		3EF1C0AD1EFDE50800E91121 /* JSONAPI.h */ = {isa = PBXFileReference; fileEncoding = 4; lastKnownFileType = sourcecode.c.h; name = JSONAPI.h; path = ThirdParty/JSONModel/JSONModelNetworking/JSONAPI.h; sourceTree = "<group>"; };
		3EF1C0AE1EFDE50800E91121 /* JSONAPI.m */ = {isa = PBXFileReference; fileEncoding = 4; lastKnownFileType = sourcecode.c.objc; name = JSONAPI.m; path = ThirdParty/JSONModel/JSONModelNetworking/JSONAPI.m; sourceTree = "<group>"; };
		3EF1C0AF1EFDE50800E91121 /* JSONHTTPClient.h */ = {isa = PBXFileReference; fileEncoding = 4; lastKnownFileType = sourcecode.c.h; name = JSONHTTPClient.h; path = ThirdParty/JSONModel/JSONModelNetworking/JSONHTTPClient.h; sourceTree = "<group>"; };
		3EF1C0B01EFDE50800E91121 /* JSONHTTPClient.m */ = {isa = PBXFileReference; fileEncoding = 4; lastKnownFileType = sourcecode.c.objc; name = JSONHTTPClient.m; path = ThirdParty/JSONModel/JSONModelNetworking/JSONHTTPClient.m; sourceTree = "<group>"; };
		3EF1C0B11EFDE50800E91121 /* JSONModel+networking.h */ = {isa = PBXFileReference; fileEncoding = 4; lastKnownFileType = sourcecode.c.h; name = "JSONModel+networking.h"; path = "ThirdParty/JSONModel/JSONModelNetworking/JSONModel+networking.h"; sourceTree = "<group>"; };
		3EF1C0B21EFDE50800E91121 /* JSONModel+networking.m */ = {isa = PBXFileReference; fileEncoding = 4; lastKnownFileType = sourcecode.c.objc; name = "JSONModel+networking.m"; path = "ThirdParty/JSONModel/JSONModelNetworking/JSONModel+networking.m"; sourceTree = "<group>"; };
		3EF1C0B61EFDE51600E91121 /* JSONKeyMapper.h */ = {isa = PBXFileReference; fileEncoding = 4; lastKnownFileType = sourcecode.c.h; name = JSONKeyMapper.h; path = ThirdParty/JSONModel/JSONModelTransformations/JSONKeyMapper.h; sourceTree = "<group>"; };
		3EF1C0B71EFDE51600E91121 /* JSONKeyMapper.m */ = {isa = PBXFileReference; fileEncoding = 4; lastKnownFileType = sourcecode.c.objc; name = JSONKeyMapper.m; path = ThirdParty/JSONModel/JSONModelTransformations/JSONKeyMapper.m; sourceTree = "<group>"; };
		3EF1C0B81EFDE51600E91121 /* JSONValueTransformer.h */ = {isa = PBXFileReference; fileEncoding = 4; lastKnownFileType = sourcecode.c.h; name = JSONValueTransformer.h; path = ThirdParty/JSONModel/JSONModelTransformations/JSONValueTransformer.h; sourceTree = "<group>"; };
		3EF1C0B91EFDE51600E91121 /* JSONValueTransformer.m */ = {isa = PBXFileReference; fileEncoding = 4; lastKnownFileType = sourcecode.c.objc; name = JSONValueTransformer.m; path = ThirdParty/JSONModel/JSONModelTransformations/JSONValueTransformer.m; sourceTree = "<group>"; };
/* End PBXFileReference section */

/* Begin PBXFrameworksBuildPhase section */
		3E51E4281EEDB706006C5751 /* Frameworks */ = {
			isa = PBXFrameworksBuildPhase;
			buildActionMask = 2147483647;
			files = (
				3E25B0EB1F01E6BC00618F44 /* CocoaLumberjack.framework in Frameworks */,
				3E25B0E01EFF382100618F44 /* MailCore.framework in Frameworks */,
				3EF1C0761EFDE14000E91121 /* Security.framework in Frameworks */,
				3E25B0E11F0001CD00618F44 /* MailCore.framework in Frameworks */,
				3E25B0EC1F01E6C200618F44 /* CocoaLumberjack.framework in Frameworks */,
				3EF1C0741EFDE13200E91121 /* SystemConfiguration.framework in Frameworks */,
			);
			runOnlyForDeploymentPostprocessing = 0;
		};
/* End PBXFrameworksBuildPhase section */

/* Begin PBXGroup section */
		3E51E4221EEDB706006C5751 = {
			isa = PBXGroup;
			children = (
				3E51E42D1EEDB706006C5751 /* Spelunker */,
				3E51E42C1EEDB706006C5751 /* Products */,
				3EF1C0721EFDE13200E91121 /* Frameworks */,
			);
			sourceTree = "<group>";
		};
		3E51E42C1EEDB706006C5751 /* Products */ = {
			isa = PBXGroup;
			children = (
				3E51E42B1EEDB706006C5751 /* Spelunker.app */,
			);
			name = Products;
			sourceTree = "<group>";
		};
		3E51E42D1EEDB706006C5751 /* Spelunker */ = {
			isa = PBXGroup;
			children = (
				3E51E4491EEDC99D006C5751 /* Constants */,
				3EF1C06F1EFDDE2800E91121 /* ThirdParty */,
				3E51E45A1EEDCA85006C5751 /* Operation */,
				3E51E4531EEDCA3F006C5751 /* Provider */,
				3E51E44F1EEDCA1B006C5751 /* Manager */,
				3E51E44B1EEDC9D3006C5751 /* Transport */,
				3E51E4421EEDB78B006C5751 /* ViewController */,
				3E863EF31EEF45780044F01C /* Utility */,
				3E51E42E1EEDB706006C5751 /* AppDelegate.h */,
				3E51E42F1EEDB706006C5751 /* AppDelegate.m */,
				3E51E4371EEDB706006C5751 /* Assets.xcassets */,
				3E51E4391EEDB707006C5751 /* Main.storyboard */,
				3E51E43C1EEDB707006C5751 /* Info.plist */,
				3E51E4311EEDB706006C5751 /* Supporting Files */,
				3E25B0F21F01FC8B00618F44 /* Spelunker.pch */,
			);
			path = Spelunker;
			sourceTree = "<group>";
		};
		3E51E4311EEDB706006C5751 /* Supporting Files */ = {
			isa = PBXGroup;
			children = (
				3E51E4321EEDB706006C5751 /* main.m */,
			);
			name = "Supporting Files";
			sourceTree = "<group>";
		};
		3E51E4421EEDB78B006C5751 /* ViewController */ = {
			isa = PBXGroup;
			children = (
				3EED2A6F1EFDF829000AE5AE /* PreferencesViewController.m */,
				3EED2A701EFDF829000AE5AE /* PreferencesViewController.h */,
				3E222A241EEDE9C100B9389D /* AlertTableView.h */,
				3E222A251EEDE9C100B9389D /* AlertTableView.m */,
				3E51E4431EEDB7C6006C5751 /* MainViewController.h */,
				3E51E4441EEDB7C6006C5751 /* MainViewController.m */,
				3E25B0E71F01DE9200618F44 /* LogViewController.h */,
				3E25B0E81F01DE9200618F44 /* LogViewController.m */,
			);
			name = ViewController;
			sourceTree = "<group>";
		};
		3E51E4491EEDC99D006C5751 /* Constants */ = {
			isa = PBXGroup;
			children = (
				3E51E44A1EEDC9C9006C5751 /* Constants.h */,
			);
			name = Constants;
			sourceTree = "<group>";
		};
		3E51E44B1EEDC9D3006C5751 /* Transport */ = {
			isa = PBXGroup;
			children = (
				3E51E44C1EEDCA15006C5751 /* Alert.h */,
				3E51E44D1EEDCA15006C5751 /* Alert.m */,
				3E66264B1EFDD6E700508793 /* Settings.h */,
				3E66264C1EFDD6E700508793 /* Settings.m */,
			);
			name = Transport;
			sourceTree = "<group>";
		};
		3E51E44F1EEDCA1B006C5751 /* Manager */ = {
			isa = PBXGroup;
			children = (
				3E51E4501EEDCA33006C5751 /* LogicManager.h */,
				3E51E4511EEDCA33006C5751 /* LogicManager.m */,
			);
			name = Manager;
			sourceTree = "<group>";
		};
		3E51E4531EEDCA3F006C5751 /* Provider */ = {
			isa = PBXGroup;
			children = (
				3E51E4541EEDCA6E006C5751 /* SplunkProvider.h */,
				3E51E4551EEDCA6E006C5751 /* SplunkProvider.m */,
				3E51E4571EEDCA7D006C5751 /* EmailProvider.h */,
				3E51E4581EEDCA7D006C5751 /* EmailProvider.m */,
				3E51E45E1EEDD1BD006C5751 /* DataProvider.h */,
				3E51E45F1EEDD1BD006C5751 /* DataProvider.m */,
			);
			name = Provider;
			sourceTree = "<group>";
		};
		3E51E45A1EEDCA85006C5751 /* Operation */ = {
			isa = PBXGroup;
			children = (
			);
			name = Operation;
			sourceTree = "<group>";
		};
		3E863EF31EEF45780044F01C /* Utility */ = {
			isa = PBXGroup;
			children = (
				3E863EF41EEF45EE0044F01C /* AlertHandler.h */,
				3E863EF51EEF45EE0044F01C /* AlertHandler.m */,
				3E6626451EFDD23200508793 /* JSONValueTransformer+NSUUID.h */,
				3E6626461EFDD23200508793 /* JSONValueTransformer+NSUUID.m */,
				3E25B0EF1F01F2D200618F44 /* UITextViewLogger.h */,
				3E25B0F01F01F2D200618F44 /* UITextViewLogger.m */,
				3E25B0F31F02041200618F44 /* SpelunkerLogFormatter.h */,
				3E25B0F41F02041200618F44 /* SpelunkerLogFormatter.m */,
			);
			name = Utility;
			sourceTree = "<group>";
		};
		3EF1C06F1EFDDE2800E91121 /* ThirdParty */ = {
			isa = PBXGroup;
			children = (
				3EF1C0711EFDDE3D00E91121 /* SAMKeychain */,
				3EF1C0701EFDDE3000E91121 /* JSONModel */,
			);
			name = ThirdParty;
			sourceTree = "<group>";
		};
		3EF1C0701EFDDE3000E91121 /* JSONModel */ = {
			isa = PBXGroup;
			children = (
				3EF1C0A31EFDE4EE00E91121 /* JSONModelLib.h */,
				3EF1C0A21EFDE4DC00E91121 /* JSONModelTransformations */,
				3EF1C0A11EFDE4CE00E91121 /* JSONModelNetworking */,
				3EF1C0A01EFDE49D00E91121 /* JSONModel */,
			);
			name = JSONModel;
			sourceTree = "<group>";
		};
		3EF1C0711EFDDE3D00E91121 /* SAMKeychain */ = {
			isa = PBXGroup;
			children = (
				3EF1C0771EFDE15D00E91121 /* SAMKeychain.h */,
				3EF1C0781EFDE15D00E91121 /* SAMKeychain.m */,
				3EF1C0791EFDE15D00E91121 /* SAMKeychainQuery.h */,
				3EF1C07A1EFDE15D00E91121 /* SAMKeychainQuery.m */,
			);
			name = SAMKeychain;
			sourceTree = "<group>";
		};
		3EF1C0721EFDE13200E91121 /* Frameworks */ = {
			isa = PBXGroup;
			children = (
				3E25B0EA1F01E6BC00618F44 /* CocoaLumberjack.framework */,
				3E25B0DF1EFF382100618F44 /* MailCore.framework */,
				3EF1C0751EFDE14000E91121 /* Security.framework */,
				3EF1C0731EFDE13200E91121 /* SystemConfiguration.framework */,
			);
			name = Frameworks;
			sourceTree = "<group>";
		};
		3EF1C0A01EFDE49D00E91121 /* JSONModel */ = {
			isa = PBXGroup;
			children = (
				3EF1C0A41EFDE4FC00E91121 /* JSONModel.h */,
				3EF1C0A51EFDE4FC00E91121 /* JSONModel.m */,
				3EF1C0A61EFDE4FC00E91121 /* JSONModelClassProperty.h */,
				3EF1C0A71EFDE4FC00E91121 /* JSONModelClassProperty.m */,
				3EF1C0A81EFDE4FC00E91121 /* JSONModelError.h */,
				3EF1C0A91EFDE4FC00E91121 /* JSONModelError.m */,
			);
			name = JSONModel;
			sourceTree = "<group>";
		};
		3EF1C0A11EFDE4CE00E91121 /* JSONModelNetworking */ = {
			isa = PBXGroup;
			children = (
				3EF1C0AD1EFDE50800E91121 /* JSONAPI.h */,
				3EF1C0AE1EFDE50800E91121 /* JSONAPI.m */,
				3EF1C0AF1EFDE50800E91121 /* JSONHTTPClient.h */,
				3EF1C0B01EFDE50800E91121 /* JSONHTTPClient.m */,
				3EF1C0B11EFDE50800E91121 /* JSONModel+networking.h */,
				3EF1C0B21EFDE50800E91121 /* JSONModel+networking.m */,
			);
			name = JSONModelNetworking;
			sourceTree = "<group>";
		};
		3EF1C0A21EFDE4DC00E91121 /* JSONModelTransformations */ = {
			isa = PBXGroup;
			children = (
				3EF1C0B61EFDE51600E91121 /* JSONKeyMapper.h */,
				3EF1C0B71EFDE51600E91121 /* JSONKeyMapper.m */,
				3EF1C0B81EFDE51600E91121 /* JSONValueTransformer.h */,
				3EF1C0B91EFDE51600E91121 /* JSONValueTransformer.m */,
			);
			name = JSONModelTransformations;
			sourceTree = "<group>";
		};
/* End PBXGroup section */

/* Begin PBXNativeTarget section */
		3E51E42A1EEDB706006C5751 /* Spelunker */ = {
			isa = PBXNativeTarget;
			buildConfigurationList = 3E51E43F1EEDB707006C5751 /* Build configuration list for PBXNativeTarget "Spelunker" */;
			buildPhases = (
				3E51E4271EEDB706006C5751 /* Sources */,
				3E51E4281EEDB706006C5751 /* Frameworks */,
				3E51E4291EEDB706006C5751 /* Resources */,
				3E25B0E31F0001CD00618F44 /* Embed Frameworks */,
			);
			buildRules = (
			);
			dependencies = (
			);
			name = Spelunker;
			productName = Spelunker;
			productReference = 3E51E42B1EEDB706006C5751 /* Spelunker.app */;
			productType = "com.apple.product-type.application";
		};
/* End PBXNativeTarget section */

/* Begin PBXProject section */
		3E51E4231EEDB706006C5751 /* Project object */ = {
			isa = PBXProject;
			attributes = {
				LastUpgradeCheck = 0830;
				ORGANIZATIONNAME = "Renaud Holcombe";
				TargetAttributes = {
					3E51E42A1EEDB706006C5751 = {
						CreatedOnToolsVersion = 8.3.3;
						DevelopmentTeam = 4JBAT5F98N;
						ProvisioningStyle = Automatic;
					};
				};
			};
			buildConfigurationList = 3E51E4261EEDB706006C5751 /* Build configuration list for PBXProject "Spelunker" */;
			compatibilityVersion = "Xcode 3.2";
			developmentRegion = English;
			hasScannedForEncodings = 0;
			knownRegions = (
				en,
				Base,
			);
			mainGroup = 3E51E4221EEDB706006C5751;
			productRefGroup = 3E51E42C1EEDB706006C5751 /* Products */;
			projectDirPath = "";
			projectRoot = "";
			targets = (
				3E51E42A1EEDB706006C5751 /* Spelunker */,
			);
		};
/* End PBXProject section */

/* Begin PBXResourcesBuildPhase section */
		3E51E4291EEDB706006C5751 /* Resources */ = {
			isa = PBXResourcesBuildPhase;
			buildActionMask = 2147483647;
			files = (
				3E51E4381EEDB706006C5751 /* Assets.xcassets in Resources */,
				3E51E43B1EEDB707006C5751 /* Main.storyboard in Resources */,
			);
			runOnlyForDeploymentPostprocessing = 0;
		};
/* End PBXResourcesBuildPhase section */

/* Begin PBXSourcesBuildPhase section */
		3E51E4271EEDB706006C5751 /* Sources */ = {
			isa = PBXSourcesBuildPhase;
			buildActionMask = 2147483647;
			files = (
				3EF1C0B41EFDE50800E91121 /* JSONHTTPClient.m in Sources */,
				3E25B0F11F01F2D200618F44 /* UITextViewLogger.m in Sources */,
				3EF1C07C1EFDE15D00E91121 /* SAMKeychainQuery.m in Sources */,
				3EF1C0AC1EFDE4FC00E91121 /* JSONModelError.m in Sources */,
				3E51E44E1EEDCA15006C5751 /* Alert.m in Sources */,
				3EF1C0BA1EFDE51600E91121 /* JSONKeyMapper.m in Sources */,
				3E51E4331EEDB706006C5751 /* main.m in Sources */,
				3E51E4561EEDCA6E006C5751 /* SplunkProvider.m in Sources */,
				3E51E4601EEDD1BD006C5751 /* DataProvider.m in Sources */,
				3EF1C0B31EFDE50800E91121 /* JSONAPI.m in Sources */,
				3EF1C0BB1EFDE51600E91121 /* JSONValueTransformer.m in Sources */,
				3E66264D1EFDD6E700508793 /* Settings.m in Sources */,
				3EF1C07B1EFDE15D00E91121 /* SAMKeychain.m in Sources */,
				3E51E4521EEDCA33006C5751 /* LogicManager.m in Sources */,
				3E222A261EEDE9C100B9389D /* AlertTableView.m in Sources */,
				3EF1C0AB1EFDE4FC00E91121 /* JSONModelClassProperty.m in Sources */,
				3E51E4301EEDB706006C5751 /* AppDelegate.m in Sources */,
				3E6626471EFDD23200508793 /* JSONValueTransformer+NSUUID.m in Sources */,
				3EF1C0B51EFDE50800E91121 /* JSONModel+networking.m in Sources */,
				3E863EF61EEF45EE0044F01C /* AlertHandler.m in Sources */,
				3E25B0F51F02041200618F44 /* SpelunkerLogFormatter.m in Sources */,
				3E51E4591EEDCA7D006C5751 /* EmailProvider.m in Sources */,
				3E25B0E91F01DE9200618F44 /* LogViewController.m in Sources */,
				3EED2A711EFDF829000AE5AE /* PreferencesViewController.m in Sources */,
				3E51E4451EEDB7C6006C5751 /* MainViewController.m in Sources */,
				3EF1C0AA1EFDE4FC00E91121 /* JSONModel.m in Sources */,
			);
			runOnlyForDeploymentPostprocessing = 0;
		};
/* End PBXSourcesBuildPhase section */

/* Begin PBXVariantGroup section */
		3E51E4391EEDB707006C5751 /* Main.storyboard */ = {
			isa = PBXVariantGroup;
			children = (
				3E51E43A1EEDB707006C5751 /* Base */,
			);
			name = Main.storyboard;
			sourceTree = "<group>";
		};
/* End PBXVariantGroup section */

/* Begin XCBuildConfiguration section */
		3E51E43D1EEDB707006C5751 /* Debug */ = {
			isa = XCBuildConfiguration;
			buildSettings = {
				ALWAYS_SEARCH_USER_PATHS = NO;
				CLANG_ANALYZER_NONNULL = YES;
				CLANG_ANALYZER_NUMBER_OBJECT_CONVERSION = YES_AGGRESSIVE;
				CLANG_CXX_LANGUAGE_STANDARD = "gnu++0x";
				CLANG_CXX_LIBRARY = "libc++";
				CLANG_ENABLE_MODULES = YES;
				CLANG_ENABLE_OBJC_ARC = YES;
				CLANG_WARN_BOOL_CONVERSION = YES;
				CLANG_WARN_CONSTANT_CONVERSION = YES;
				CLANG_WARN_DIRECT_OBJC_ISA_USAGE = YES_ERROR;
				CLANG_WARN_DOCUMENTATION_COMMENTS = YES;
				CLANG_WARN_EMPTY_BODY = YES;
				CLANG_WARN_ENUM_CONVERSION = YES;
				CLANG_WARN_INFINITE_RECURSION = YES;
				CLANG_WARN_INT_CONVERSION = YES;
				CLANG_WARN_OBJC_ROOT_CLASS = YES_ERROR;
				CLANG_WARN_SUSPICIOUS_MOVE = YES;
				CLANG_WARN_UNREACHABLE_CODE = YES;
				CLANG_WARN__DUPLICATE_METHOD_MATCH = YES;
				CODE_SIGN_IDENTITY = "-";
				COPY_PHASE_STRIP = NO;
				DEBUG_INFORMATION_FORMAT = dwarf;
				ENABLE_STRICT_OBJC_MSGSEND = YES;
				ENABLE_TESTABILITY = YES;
				GCC_C_LANGUAGE_STANDARD = gnu99;
				GCC_DYNAMIC_NO_PIC = NO;
				GCC_NO_COMMON_BLOCKS = YES;
				GCC_OPTIMIZATION_LEVEL = 0;
				GCC_PREPROCESSOR_DEFINITIONS = (
					"DEBUG=1",
					"$(inherited)",
				);
				GCC_WARN_64_TO_32_BIT_CONVERSION = YES;
				GCC_WARN_ABOUT_RETURN_TYPE = YES_ERROR;
				GCC_WARN_UNDECLARED_SELECTOR = YES;
				GCC_WARN_UNINITIALIZED_AUTOS = YES_AGGRESSIVE;
				GCC_WARN_UNUSED_FUNCTION = YES;
				GCC_WARN_UNUSED_VARIABLE = YES;
				MACOSX_DEPLOYMENT_TARGET = 10.12;
				MTL_ENABLE_DEBUG_INFO = YES;
				ONLY_ACTIVE_ARCH = YES;
				SDKROOT = macosx;
			};
			name = Debug;
		};
		3E51E43E1EEDB707006C5751 /* Release */ = {
			isa = XCBuildConfiguration;
			buildSettings = {
				ALWAYS_SEARCH_USER_PATHS = NO;
				CLANG_ANALYZER_NONNULL = YES;
				CLANG_ANALYZER_NUMBER_OBJECT_CONVERSION = YES_AGGRESSIVE;
				CLANG_CXX_LANGUAGE_STANDARD = "gnu++0x";
				CLANG_CXX_LIBRARY = "libc++";
				CLANG_ENABLE_MODULES = YES;
				CLANG_ENABLE_OBJC_ARC = YES;
				CLANG_WARN_BOOL_CONVERSION = YES;
				CLANG_WARN_CONSTANT_CONVERSION = YES;
				CLANG_WARN_DIRECT_OBJC_ISA_USAGE = YES_ERROR;
				CLANG_WARN_DOCUMENTATION_COMMENTS = YES;
				CLANG_WARN_EMPTY_BODY = YES;
				CLANG_WARN_ENUM_CONVERSION = YES;
				CLANG_WARN_INFINITE_RECURSION = YES;
				CLANG_WARN_INT_CONVERSION = YES;
				CLANG_WARN_OBJC_ROOT_CLASS = YES_ERROR;
				CLANG_WARN_SUSPICIOUS_MOVE = YES;
				CLANG_WARN_UNREACHABLE_CODE = YES;
				CLANG_WARN__DUPLICATE_METHOD_MATCH = YES;
				CODE_SIGN_IDENTITY = "-";
				COPY_PHASE_STRIP = NO;
				DEBUG_INFORMATION_FORMAT = "dwarf-with-dsym";
				ENABLE_NS_ASSERTIONS = NO;
				ENABLE_STRICT_OBJC_MSGSEND = YES;
				GCC_C_LANGUAGE_STANDARD = gnu99;
				GCC_NO_COMMON_BLOCKS = YES;
				GCC_WARN_64_TO_32_BIT_CONVERSION = YES;
				GCC_WARN_ABOUT_RETURN_TYPE = YES_ERROR;
				GCC_WARN_UNDECLARED_SELECTOR = YES;
				GCC_WARN_UNINITIALIZED_AUTOS = YES_AGGRESSIVE;
				GCC_WARN_UNUSED_FUNCTION = YES;
				GCC_WARN_UNUSED_VARIABLE = YES;
				MACOSX_DEPLOYMENT_TARGET = 10.12;
				MTL_ENABLE_DEBUG_INFO = NO;
				SDKROOT = macosx;
			};
			name = Release;
		};
		3E51E4401EEDB707006C5751 /* Debug */ = {
			isa = XCBuildConfiguration;
			buildSettings = {
				ASSETCATALOG_COMPILER_APPICON_NAME = AppIcon;
				CLANG_STATIC_ANALYZER_MODE = deep;
				COMBINE_HIDPI_IMAGES = YES;
				DEVELOPMENT_TEAM = 4JBAT5F98N;
				FRAMEWORK_SEARCH_PATHS = (
					"$(inherited)",
					"$(PROJECT_DIR)/Spelunker/ThirdParty/MailCore",
					"$(PROJECT_DIR)/Spelunker/ThirdParty/CocoaLumberjack",
				);
				GCC_PRECOMPILE_PREFIX_HEADER = YES;
				GCC_PREFIX_HEADER = "$(SRCROOT)/$(PROJECT_NAME)/Spelunker.pch";
				HEADER_SEARCH_PATHS = "$(PROJECT_DIR)/**";
				INFOPLIST_FILE = Spelunker/Info.plist;
				LD_RUNPATH_SEARCH_PATHS = "$(inherited) @executable_path/../Frameworks";
				PRODUCT_BUNDLE_IDENTIFIER = Hyperg0atDesign.Spelunker;
				PRODUCT_NAME = "$(TARGET_NAME)";
				RUN_CLANG_STATIC_ANALYZER = YES;
			};
			name = Debug;
		};
		3E51E4411EEDB707006C5751 /* Release */ = {
			isa = XCBuildConfiguration;
			buildSettings = {
				ASSETCATALOG_COMPILER_APPICON_NAME = AppIcon;
				CLANG_STATIC_ANALYZER_MODE = deep;
				COMBINE_HIDPI_IMAGES = YES;
				DEVELOPMENT_TEAM = 4JBAT5F98N;
				FRAMEWORK_SEARCH_PATHS = (
					"$(inherited)",
					"$(PROJECT_DIR)/Spelunker/ThirdParty/MailCore",
					"$(PROJECT_DIR)/Spelunker/ThirdParty/CocoaLumberjack",
				);
				GCC_PRECOMPILE_PREFIX_HEADER = YES;
				GCC_PREFIX_HEADER = "$(SRCROOT)/$(PROJECT_NAME)/Spelunker.pch";
				HEADER_SEARCH_PATHS = "$(PROJECT_DIR)/**";
				INFOPLIST_FILE = Spelunker/Info.plist;
				LD_RUNPATH_SEARCH_PATHS = "$(inherited) @executable_path/../Frameworks";
				PRODUCT_BUNDLE_IDENTIFIER = Hyperg0atDesign.Spelunker;
				PRODUCT_NAME = "$(TARGET_NAME)";
				RUN_CLANG_STATIC_ANALYZER = YES;
			};
			name = Release;
		};
/* End XCBuildConfiguration section */

/* Begin XCConfigurationList section */
		3E51E4261EEDB706006C5751 /* Build configuration list for PBXProject "Spelunker" */ = {
			isa = XCConfigurationList;
			buildConfigurations = (
				3E51E43D1EEDB707006C5751 /* Debug */,
				3E51E43E1EEDB707006C5751 /* Release */,
			);
			defaultConfigurationIsVisible = 0;
			defaultConfigurationName = Release;
		};
		3E51E43F1EEDB707006C5751 /* Build configuration list for PBXNativeTarget "Spelunker" */ = {
			isa = XCConfigurationList;
			buildConfigurations = (
				3E51E4401EEDB707006C5751 /* Debug */,
				3E51E4411EEDB707006C5751 /* Release */,
			);
			defaultConfigurationIsVisible = 0;
			defaultConfigurationName = Release;
		};
/* End XCConfigurationList section */
	};
	rootObject = 3E51E4231EEDB706006C5751 /* Project object */;
}
